# This file is generated by running "yarn install" inside your project.
# Manual changes might be lost - proceed with caution!

__metadata:
  version: 8
  cacheKey: 10c0

"@emnapi/core@npm:^1.7.1":
  version: 1.9.1
  resolution: "@emnapi/core@npm:1.9.1"
  dependencies:
    "@emnapi/wasi-threads": "npm:1.2.0"
    tslib: "npm:^2.4.0"
  checksum: 10c0/00e7a99a2bc3ad908ca8272ba861a934da87dffa8797a41316c4a3b571a1e4d2743e2fa14b1a0f131fa4a3c2018ddb601cd2a8cb7f574fa940af696df3c2fe8d
  languageName: node
  linkType: hard

"@emnapi/runtime@npm:^1.7.1":
  version: 1.9.1
  resolution: "@emnapi/runtime@npm:1.9.1"
  dependencies:
    tslib: "npm:^2.4.0"
  checksum: 10c0/750edca117e0363ab2de10622f8ee60e57d8690c2f29c49704813da5cd627c641798d7f3cb0d953c62fdc71688e02e333ddbf2c1204f38b47e3e40657332a6f5
  languageName: node
  linkType: hard

"@emnapi/wasi-threads@npm:1.2.0":
  version: 1.2.0
  resolution: "@emnapi/wasi-threads@npm:1.2.0"
  dependencies:
    tslib: "npm:^2.4.0"
  checksum: 10c0/1e3724b5814b06c14782fda87eee9b9aa68af01576c81ffeaefdf621ddb74386e419d5b3b1027b6a8172397729d95a92f814fc4b8d3c224376428faa07a6a01a
  languageName: node
  linkType: hard

"@jridgewell/resolve-uri@npm:^3.1.0":
  version: 3.1.2
  resolution: "@jridgewell/resolve-uri@npm:3.1.2"
  checksum: 10c0/d502e6fb516b35032331406d4e962c21fe77cdf1cbdb49c6142bcbd9e30507094b18972778a6e27cbad756209cfe34b1a27729e6fa08a2eb92b33943f680cf1e
  languageName: node
  linkType: hard

"@jridgewell/sourcemap-codec@npm:^1.4.14":
  version: 1.5.5
  resolution: "@jridgewell/sourcemap-codec@npm:1.5.5"
  checksum: 10c0/f9e538f302b63c0ebc06eecb1dd9918dd4289ed36147a0ddce35d6ea4d7ebbda243cda7b2213b6a5e1d8087a298d5cf630fb2bd39329cdecb82017023f6081a0
  languageName: node
  linkType: hard

"@jridgewell/trace-mapping@npm:^0.3.23":
  version: 0.3.31
  resolution: "@jridgewell/trace-mapping@npm:0.3.31"
  dependencies:
    "@jridgewell/resolve-uri": "npm:^3.1.0"
    "@jridgewell/sourcemap-codec": "npm:^1.4.14"
  checksum: 10c0/4b30ec8cd56c5fd9a661f088230af01e0c1a3888d11ffb6b47639700f71225be21d1f7e168048d6d4f9449207b978a235c07c8f15c07705685d16dc06280e9d9
  languageName: node
  linkType: hard

"@napi-rs/wasm-runtime@npm:1.1.1":
  version: 1.1.1
  resolution: "@napi-rs/wasm-runtime@npm:1.1.1"
  dependencies:
    "@emnapi/core": "npm:^1.7.1"
    "@emnapi/runtime": "npm:^1.7.1"
    "@tybys/wasm-util": "npm:^0.10.1"
  checksum: 10c0/04d57b67e80736e41fe44674a011878db0a8ad893f4d44abb9d3608debb7c174224cba2796ed5b0c1d367368159f3ca6be45f1c59222f70e32ddc880f803d447
  languageName: node
  linkType: hard

"@oxfmt/binding-android-arm-eabi@npm:0.43.0":
  version: 0.43.0
  resolution: "@oxfmt/binding-android-arm-eabi@npm:0.43.0"
  conditions: os=android & cpu=arm
  languageName: node
  linkType: hard

"@oxfmt/binding-android-arm64@npm:0.43.0":
  version: 0.43.0
  resolution: "@oxfmt/binding-android-arm64@npm:0.43.0"
  conditions: os=android & cpu=arm64
  languageName: node
  linkType: hard

"@oxfmt/binding-darwin-arm64@npm:0.43.0":
  version: 0.43.0
  resolution: "@oxfmt/binding-darwin-arm64@npm:0.43.0"
  conditions: os=darwin & cpu=arm64
  languageName: node
  linkType: hard

"@oxfmt/binding-darwin-x64@npm:0.43.0":
  version: 0.43.0
  resolution: "@oxfmt/binding-darwin-x64@npm:0.43.0"
  conditions: os=darwin & cpu=x64
  languageName: node
  linkType: hard

"@oxfmt/binding-freebsd-x64@npm:0.43.0":
  version: 0.43.0
  resolution: "@oxfmt/binding-freebsd-x64@npm:0.43.0"
  conditions: os=freebsd & cpu=x64
  languageName: node
  linkType: hard

"@oxfmt/binding-linux-arm-gnueabihf@npm:0.43.0":
  version: 0.43.0
  resolution: "@oxfmt/binding-linux-arm-gnueabihf@npm:0.43.0"
  conditions: os=linux & cpu=arm
  languageName: node
  linkType: hard

"@oxfmt/binding-linux-arm-musleabihf@npm:0.43.0":
  version: 0.43.0
  resolution: "@oxfmt/binding-linux-arm-musleabihf@npm:0.43.0"
  conditions: os=linux & cpu=arm
  languageName: node
  linkType: hard

"@oxfmt/binding-linux-arm64-gnu@npm:0.43.0":
  version: 0.43.0
  resolution: "@oxfmt/binding-linux-arm64-gnu@npm:0.43.0"
  conditions: os=linux & cpu=arm64 & libc=glibc
  languageName: node
  linkType: hard

"@oxfmt/binding-linux-arm64-musl@npm:0.43.0":
  version: 0.43.0
  resolution: "@oxfmt/binding-linux-arm64-musl@npm:0.43.0"
  conditions: os=linux & cpu=arm64 & libc=musl
  languageName: node
  linkType: hard

"@oxfmt/binding-linux-ppc64-gnu@npm:0.43.0":
  version: 0.43.0
  resolution: "@oxfmt/binding-linux-ppc64-gnu@npm:0.43.0"
  conditions: os=linux & cpu=ppc64 & libc=glibc
  languageName: node
  linkType: hard

"@oxfmt/binding-linux-riscv64-gnu@npm:0.43.0":
  version: 0.43.0
  resolution: "@oxfmt/binding-linux-riscv64-gnu@npm:0.43.0"
  conditions: os=linux & cpu=riscv64 & libc=glibc
  languageName: node
  linkType: hard

"@oxfmt/binding-linux-riscv64-musl@npm:0.43.0":
  version: 0.43.0
  resolution: "@oxfmt/binding-linux-riscv64-musl@npm:0.43.0"
  conditions: os=linux & cpu=riscv64 & libc=musl
  languageName: node
  linkType: hard

"@oxfmt/binding-linux-s390x-gnu@npm:0.43.0":
  version: 0.43.0
  resolution: "@oxfmt/binding-linux-s390x-gnu@npm:0.43.0"
  conditions: os=linux & cpu=s390x & libc=glibc
  languageName: node
  linkType: hard

"@oxfmt/binding-linux-x64-gnu@npm:0.43.0":
  version: 0.43.0
  resolution: "@oxfmt/binding-linux-x64-gnu@npm:0.43.0"
  conditions: os=linux & cpu=x64 & libc=glibc
  languageName: node
  linkType: hard

"@oxfmt/binding-linux-x64-musl@npm:0.43.0":
  version: 0.43.0
  resolution: "@oxfmt/binding-linux-x64-musl@npm:0.43.0"
  conditions: os=linux & cpu=x64 & libc=musl
  languageName: node
  linkType: hard

"@oxfmt/binding-openharmony-arm64@npm:0.43.0":
  version: 0.43.0
  resolution: "@oxfmt/binding-openharmony-arm64@npm:0.43.0"
  conditions: os=openharmony & cpu=arm64
  languageName: node
  linkType: hard

"@oxfmt/binding-win32-arm64-msvc@npm:0.43.0":
  version: 0.43.0
  resolution: "@oxfmt/binding-win32-arm64-msvc@npm:0.43.0"
  conditions: os=win32 & cpu=arm64
  languageName: node
  linkType: hard

"@oxfmt/binding-win32-ia32-msvc@npm:0.43.0":
  version: 0.43.0
  resolution: "@oxfmt/binding-win32-ia32-msvc@npm:0.43.0"
  conditions: os=win32 & cpu=ia32
  languageName: node
  linkType: hard

"@oxfmt/binding-win32-x64-msvc@npm:0.43.0":
  version: 0.43.0
  resolution: "@oxfmt/binding-win32-x64-msvc@npm:0.43.0"
  conditions: os=win32 & cpu=x64
  languageName: node
  linkType: hard

"@oxlint/binding-android-arm-eabi@npm:1.58.0":
  version: 1.58.0
  resolution: "@oxlint/binding-android-arm-eabi@npm:1.58.0"
  conditions: os=android & cpu=arm
  languageName: node
  linkType: hard

"@oxlint/binding-android-arm64@npm:1.58.0":
  version: 1.58.0
  resolution: "@oxlint/binding-android-arm64@npm:1.58.0"
  conditions: os=android & cpu=arm64
  languageName: node
  linkType: hard

"@oxlint/binding-darwin-arm64@npm:1.58.0":
  version: 1.58.0
  resolution: "@oxlint/binding-darwin-arm64@npm:1.58.0"
  conditions: os=darwin & cpu=arm64
  languageName: node
  linkType: hard

"@oxlint/binding-darwin-x64@npm:1.58.0":
  version: 1.58.0
  resolution: "@oxlint/binding-darwin-x64@npm:1.58.0"
  conditions: os=darwin & cpu=x64
  languageName: node
  linkType: hard

"@oxlint/binding-freebsd-x64@npm:1.58.0":
  version: 1.58.0
  resolution: "@oxlint/binding-freebsd-x64@npm:1.58.0"
  conditions: os=freebsd & cpu=x64
  languageName: node
  linkType: hard

"@oxlint/binding-linux-arm-gnueabihf@npm:1.58.0":
  version: 1.58.0
  resolution: "@oxlint/binding-linux-arm-gnueabihf@npm:1.58.0"
  conditions: os=linux & cpu=arm
  languageName: node
  linkType: hard

"@oxlint/binding-linux-arm-musleabihf@npm:1.58.0":
  version: 1.58.0
  resolution: "@oxlint/binding-linux-arm-musleabihf@npm:1.58.0"
  conditions: os=linux & cpu=arm
  languageName: node
  linkType: hard

"@oxlint/binding-linux-arm64-gnu@npm:1.58.0":
  version: 1.58.0
  resolution: "@oxlint/binding-linux-arm64-gnu@npm:1.58.0"
  conditions: os=linux & cpu=arm64 & libc=glibc
  languageName: node
  linkType: hard

"@oxlint/binding-linux-arm64-musl@npm:1.58.0":
  version: 1.58.0
  resolution: "@oxlint/binding-linux-arm64-musl@npm:1.58.0"
  conditions: os=linux & cpu=arm64 & libc=musl
  languageName: node
  linkType: hard

"@oxlint/binding-linux-ppc64-gnu@npm:1.58.0":
  version: 1.58.0
  resolution: "@oxlint/binding-linux-ppc64-gnu@npm:1.58.0"
  conditions: os=linux & cpu=ppc64 & libc=glibc
  languageName: node
  linkType: hard

"@oxlint/binding-linux-riscv64-gnu@npm:1.58.0":
  version: 1.58.0
  resolution: "@oxlint/binding-linux-riscv64-gnu@npm:1.58.0"
  conditions: os=linux & cpu=riscv64 & libc=glibc
  languageName: node
  linkType: hard

"@oxlint/binding-linux-riscv64-musl@npm:1.58.0":
  version: 1.58.0
  resolution: "@oxlint/binding-linux-riscv64-musl@npm:1.58.0"
  conditions: os=linux & cpu=riscv64 & libc=musl
  languageName: node
  linkType: hard

"@oxlint/binding-linux-s390x-gnu@npm:1.58.0":
  version: 1.58.0
  resolution: "@oxlint/binding-linux-s390x-gnu@npm:1.58.0"
  conditions: os=linux & cpu=s390x & libc=glibc
  languageName: node
  linkType: hard

"@oxlint/binding-linux-x64-gnu@npm:1.58.0":
  version: 1.58.0
  resolution: "@oxlint/binding-linux-x64-gnu@npm:1.58.0"
  conditions: os=linux & cpu=x64 & libc=glibc
  languageName: node
  linkType: hard

"@oxlint/binding-linux-x64-musl@npm:1.58.0":
  version: 1.58.0
  resolution: "@oxlint/binding-linux-x64-musl@npm:1.58.0"
  conditions: os=linux & cpu=x64 & libc=musl
  languageName: node
  linkType: hard

"@oxlint/binding-openharmony-arm64@npm:1.58.0":
  version: 1.58.0
  resolution: "@oxlint/binding-openharmony-arm64@npm:1.58.0"
  conditions: os=openharmony & cpu=arm64
  languageName: node
  linkType: hard

"@oxlint/binding-win32-arm64-msvc@npm:1.58.0":
  version: 1.58.0
  resolution: "@oxlint/binding-win32-arm64-msvc@npm:1.58.0"
  conditions: os=win32 & cpu=arm64
  languageName: node
  linkType: hard

"@oxlint/binding-win32-ia32-msvc@npm:1.58.0":
  version: 1.58.0
  resolution: "@oxlint/binding-win32-ia32-msvc@npm:1.58.0"
  conditions: os=win32 & cpu=ia32
  languageName: node
  linkType: hard

"@oxlint/binding-win32-x64-msvc@npm:1.58.0":
  version: 1.58.0
  resolution: "@oxlint/binding-win32-x64-msvc@npm:1.58.0"
  conditions: os=win32 & cpu=x64
  languageName: node
  linkType: hard

"@rsbuild/core@npm:2.0.0-beta.10":
  version: 2.0.0-beta.10
  resolution: "@rsbuild/core@npm:2.0.0-beta.10"
  dependencies:
    "@rspack/core": "npm:2.0.0-beta.8"
    "@swc/helpers": "npm:^0.5.19"
  peerDependencies:
    core-js: ">= 3.0.0"
  peerDependenciesMeta:
    core-js:
      optional: true
  bin:
    rsbuild: bin/rsbuild.js
  checksum: 10c0/f89498ca4713ac809eb80e121fa53231a3f6432bd2eb4d7dfaa13c4fcfc850502dad0cc6950a43243c7d41771b2c20ae126e557b4aaf76b65c0e170c21a677e3
  languageName: node
  linkType: hard

"@rspack/binding-darwin-arm64@npm:2.0.0-beta.8":
  version: 2.0.0-beta.8
  resolution: "@rspack/binding-darwin-arm64@npm:2.0.0-beta.8"
  conditions: os=darwin & cpu=arm64
  languageName: node
  linkType: hard

"@rspack/binding-darwin-x64@npm:2.0.0-beta.8":
  version: 2.0.0-beta.8
  resolution: "@rspack/binding-darwin-x64@npm:2.0.0-beta.8"
  conditions: os=darwin & cpu=x64
  languageName: node
  linkType: hard

"@rspack/binding-linux-arm64-gnu@npm:2.0.0-beta.8":
  version: 2.0.0-beta.8
  resolution: "@rspack/binding-linux-arm64-gnu@npm:2.0.0-beta.8"
  conditions: os=linux & cpu=arm64 & libc=glibc
  languageName: node
  linkType: hard

"@rspack/binding-linux-arm64-musl@npm:2.0.0-beta.8":
  version: 2.0.0-beta.8
  resolution: "@rspack/binding-linux-arm64-musl@npm:2.0.0-beta.8"
  conditions: os=linux & cpu=arm64 & libc=musl
  languageName: node
  linkType: hard

"@rspack/binding-linux-x64-gnu@npm:2.0.0-beta.8":
  version: 2.0.0-beta.8
  resolution: "@rspack/binding-linux-x64-gnu@npm:2.0.0-beta.8"
  conditions: os=linux & cpu=x64 & libc=glibc
  languageName: node
  linkType: hard

"@rspack/binding-linux-x64-musl@npm:2.0.0-beta.8":
  version: 2.0.0-beta.8
  resolution: "@rspack/binding-linux-x64-musl@npm:2.0.0-beta.8"
  conditions: os=linux & cpu=x64 & libc=musl
  languageName: node
  linkType: hard

"@rspack/binding-wasm32-wasi@npm:2.0.0-beta.8":
  version: 2.0.0-beta.8
  resolution: "@rspack/binding-wasm32-wasi@npm:2.0.0-beta.8"
  dependencies:
    "@napi-rs/wasm-runtime": "npm:1.1.1"
  conditions: cpu=wasm32
  languageName: node
  linkType: hard

"@rspack/binding-win32-arm64-msvc@npm:2.0.0-beta.8":
  version: 2.0.0-beta.8
  resolution: "@rspack/binding-win32-arm64-msvc@npm:2.0.0-beta.8"
  conditions: os=win32 & cpu=arm64
  languageName: node
  linkType: hard

"@rspack/binding-win32-ia32-msvc@npm:2.0.0-beta.8":
  version: 2.0.0-beta.8
  resolution: "@rspack/binding-win32-ia32-msvc@npm:2.0.0-beta.8"
  conditions: os=win32 & cpu=ia32
  languageName: node
  linkType: hard

"@rspack/binding-win32-x64-msvc@npm:2.0.0-beta.8":
  version: 2.0.0-beta.8
  resolution: "@rspack/binding-win32-x64-msvc@npm:2.0.0-beta.8"
  conditions: os=win32 & cpu=x64
  languageName: node
  linkType: hard

"@rspack/binding@npm:2.0.0-beta.8":
  version: 2.0.0-beta.8
  resolution: "@rspack/binding@npm:2.0.0-beta.8"
  dependencies:
    "@rspack/binding-darwin-arm64": "npm:2.0.0-beta.8"
    "@rspack/binding-darwin-x64": "npm:2.0.0-beta.8"
    "@rspack/binding-linux-arm64-gnu": "npm:2.0.0-beta.8"
    "@rspack/binding-linux-arm64-musl": "npm:2.0.0-beta.8"
    "@rspack/binding-linux-x64-gnu": "npm:2.0.0-beta.8"
    "@rspack/binding-linux-x64-musl": "npm:2.0.0-beta.8"
    "@rspack/binding-wasm32-wasi": "npm:2.0.0-beta.8"
    "@rspack/binding-win32-arm64-msvc": "npm:2.0.0-beta.8"
    "@rspack/binding-win32-ia32-msvc": "npm:2.0.0-beta.8"
    "@rspack/binding-win32-x64-msvc": "npm:2.0.0-beta.8"
  dependenciesMeta:
    "@rspack/binding-darwin-arm64":
      optional: true
    "@rspack/binding-darwin-x64":
      optional: true
    "@rspack/binding-linux-arm64-gnu":
      optional: true
    "@rspack/binding-linux-arm64-musl":
      optional: true
    "@rspack/binding-linux-x64-gnu":
      optional: true
    "@rspack/binding-linux-x64-musl":
      optional: true
    "@rspack/binding-wasm32-wasi":
      optional: true
    "@rspack/binding-win32-arm64-msvc":
      optional: true
    "@rspack/binding-win32-ia32-msvc":
      optional: true
    "@rspack/binding-win32-x64-msvc":
      optional: true
  checksum: 10c0/1f17d05e389369c72e1af9ad2a542f18f17e6df2d8790836133ace61259e392e6cea087c684fa44e0eee92effc088e8bf9aedeaab161af8e71b5c86ad8b830d9
  languageName: node
  linkType: hard

"@rspack/core@npm:2.0.0-beta.8":
  version: 2.0.0-beta.8
  resolution: "@rspack/core@npm:2.0.0-beta.8"
  dependencies:
    "@rspack/binding": "npm:2.0.0-beta.8"
  peerDependencies:
    "@module-federation/runtime-tools": ^0.24.1 || ^2.0.0
    "@swc/helpers": ">=0.5.1"
  peerDependenciesMeta:
    "@module-federation/runtime-tools":
      optional: true
    "@swc/helpers":
      optional: true
  checksum: 10c0/d789be0fe4e5dee4d66d671a34dd3eadd9810107989b1b0a80f35f03467508a78bdfb192a5f9d1cc79aa5820f00c51221cb65e739e4ac4619a0cf57f90cad8ea
  languageName: node
  linkType: hard

"@rstest/core@npm:^0.9.5":
  version: 0.9.5
  resolution: "@rstest/core@npm:0.9.5"
  dependencies:
    "@rsbuild/core": "npm:2.0.0-beta.10"
    "@types/chai": "npm:^5.2.3"
    tinypool: "npm:^2.1.0"
  peerDependencies:
    happy-dom: ^20.8.3
    jsdom: "*"
  peerDependenciesMeta:
    happy-dom:
      optional: true
    jsdom:
      optional: true
  bin:
    rstest: bin/rstest.js
  checksum: 10c0/debbae4b86df299aa4db526eec1f38d12509eb6169220ca0e24dca0dc252497ab3c7c607f3fdf1daf8f56e4630d65dcadba23be4eb2ae0284a1ed3eded3ab9ea
  languageName: node
  linkType: hard

"@rstest/coverage-istanbul@npm:^0.3.0":
  version: 0.3.0
  resolution: "@rstest/coverage-istanbul@npm:0.3.0"
  dependencies:
    istanbul-lib-coverage: "npm:^3.2.2"
    istanbul-lib-report: "npm:^3.0.1"
    istanbul-lib-source-maps: "npm:^5.0.6"
    istanbul-reports: "npm:^3.2.0"
    swc-plugin-coverage-instrument: "npm:0.0.32"
  peerDependencies:
    "@rstest/core": ~0.9.0
  checksum: 10c0/6871cce4968ec19841ed419229e6e3c573be08534b96dac567b39171d524f200b21a406250aca112b7b90ce4d4aa3a0c26492ebd5965061b1367c9a012a4a65a
  languageName: node
  linkType: hard

"@swc/helpers@npm:^0.5.19":
  version: 0.5.20
  resolution: "@swc/helpers@npm:0.5.20"
  dependencies:
    tslib: "npm:^2.8.0"
  checksum: 10c0/d18305b7a1f89703d568888e6e6ade69a9f30c606d2123d11dd04feb28ba86569e478594a1d31de242bc882822a730c2bee9b7e2eb39d5ae31154dad93e8e107
  languageName: node
  linkType: hard

"@tybys/wasm-util@npm:^0.10.1":
  version: 0.10.1
  resolution: "@tybys/wasm-util@npm:0.10.1"
  dependencies:
    tslib: "npm:^2.4.0"
  checksum: 10c0/b255094f293794c6d2289300c5fbcafbb5532a3aed3a5ffd2f8dc1828e639b88d75f6a376dd8f94347a44813fd7a7149d8463477a9a49525c8b2dcaa38c2d1e8
  languageName: node
  linkType: hard

"@types/chai@npm:^5.2.3":
  version: 5.2.3
  resolution: "@types/chai@npm:5.2.3"
  dependencies:
    "@types/deep-eql": "npm:*"
    assertion-error: "npm:^2.0.1"
  checksum: 10c0/e0ef1de3b6f8045a5e473e867c8565788c444271409d155588504840ad1a53611011f85072188c2833941189400228c1745d78323dac13fcede9c2b28bacfb2f
  languageName: node
  linkType: hard

"@types/deep-eql@npm:*":
  version: 4.0.2
  resolution: "@types/deep-eql@npm:4.0.2"
  checksum: 10c0/bf3f811843117900d7084b9d0c852da9a044d12eb40e6de73b552598a6843c21291a8a381b0532644574beecd5e3491c5ff3a0365ab86b15d59862c025384844
  languageName: node
  linkType: hard

"@types/node@npm:^22.0.0":
  version: 22.19.15
  resolution: "@types/node@npm:22.19.15"
  dependencies:
    undici-types: "npm:~6.21.0"
  checksum: 10c0/f17eaf3d0d1da5e93ad9e287efb78201f8a5282973c004c5f70d91675c5c6b926a23acaa7b158a42b3d7e27e36b349d65a531710c91c308fca53dd7fa280ef98
  languageName: node
  linkType: hard

"assertion-error@npm:^2.0.1":
  version: 2.0.1
  resolution: "assertion-error@npm:2.0.1"
  checksum: 10c0/bbbcb117ac6480138f8c93cf7f535614282dea9dc828f540cdece85e3c665e8f78958b96afac52f29ff883c72638e6a87d469ecc9fe5bc902df03ed24a55dba8
  languageName: node
  linkType: hard

"debug@npm:^4.1.1":
  version: 4.4.3
  resolution: "debug@npm:4.4.3"
  dependencies:
    ms: "npm:^2.1.3"
  peerDependenciesMeta:
    supports-color:
      optional: true
  checksum: 10c0/d79136ec6c83ecbefd0f6a5593da6a9c91ec4d7ddc4b54c883d6e71ec9accb5f67a1a5e96d00a328196b5b5c86d365e98d8a3a70856aaf16b4e7b1985e67f5a6
  languageName: node
  linkType: hard

"has-flag@npm:^4.0.0":
  version: 4.0.0
  resolution: "has-flag@npm:4.0.0"
  checksum: 10c0/2e789c61b7888d66993e14e8331449e525ef42aac53c627cc53d1c3334e768bcb6abdc4f5f0de1478a25beec6f0bd62c7549058b7ac53e924040d4f301f02fd1
  languageName: node
  linkType: hard

"html-escaper@npm:^2.0.0":
  version: 2.0.2
  resolution: "html-escaper@npm:2.0.2"
  checksum: 10c0/208e8a12de1a6569edbb14544f4567e6ce8ecc30b9394fcaa4e7bb1e60c12a7c9a1ed27e31290817157e8626f3a4f29e76c8747030822eb84a6abb15c255f0a0
  languageName: node
  linkType: hard

"istanbul-lib-coverage@npm:^3.0.0, istanbul-lib-coverage@npm:^3.2.2":
  version: 3.2.2
  resolution: "istanbul-lib-coverage@npm:3.2.2"
  checksum: 10c0/6c7ff2106769e5f592ded1fb418f9f73b4411fd5a084387a5410538332b6567cd1763ff6b6cadca9b9eb2c443cce2f7ea7d7f1b8d315f9ce58539793b1e0922b
  languageName: node
  linkType: hard

"istanbul-lib-report@npm:^3.0.0, istanbul-lib-report@npm:^3.0.1":
  version: 3.0.1
  resolution: "istanbul-lib-report@npm:3.0.1"
  dependencies:
    istanbul-lib-coverage: "npm:^3.0.0"
    make-dir: "npm:^4.0.0"
    supports-color: "npm:^7.1.0"
  checksum: 10c0/84323afb14392de8b6a5714bd7e9af845cfbd56cfe71ed276cda2f5f1201aea673c7111901227ee33e68e4364e288d73861eb2ed48f6679d1e69a43b6d9b3ba7
  languageName: node
  linkType: hard

"istanbul-lib-source-maps@npm:^5.0.6":
  version: 5.0.6
  resolution: "istanbul-lib-source-maps@npm:5.0.6"
  dependencies:
    "@jridgewell/trace-mapping": "npm:^0.3.23"
    debug: "npm:^4.1.1"
    istanbul-lib-coverage: "npm:^3.0.0"
  checksum: 10c0/ffe75d70b303a3621ee4671554f306e0831b16f39ab7f4ab52e54d356a5d33e534d97563e318f1333a6aae1d42f91ec49c76b6cd3f3fb378addcb5c81da0255f
  languageName: node
  linkType: hard

"istanbul-reports@npm:^3.2.0":
  version: 3.2.0
  resolution: "istanbul-reports@npm:3.2.0"
  dependencies:
    html-escaper: "npm:^2.0.0"
    istanbul-lib-report: "npm:^3.0.0"
  checksum: 10c0/d596317cfd9c22e1394f22a8d8ba0303d2074fe2e971887b32d870e4b33f8464b10f8ccbe6847808f7db485f084eba09e6c2ed706b3a978e4b52f07085b8f9bc
  languageName: node
  linkType: hard

"make-dir@npm:^4.0.0":
  version: 4.0.0
  resolution: "make-dir@npm:4.0.0"
  dependencies:
    semver: "npm:^7.5.3"
  checksum: 10c0/69b98a6c0b8e5c4fe9acb61608a9fbcfca1756d910f51e5dbe7a9e5cfb74fca9b8a0c8a0ffdf1294a740826c1ab4871d5bf3f62f72a3049e5eac6541ddffed68
  languageName: node
  linkType: hard

"ms@npm:^2.1.3":
  version: 2.1.3
  resolution: "ms@npm:2.1.3"
  checksum: 10c0/d924b57e7312b3b63ad21fc5b3dc0af5e78d61a1fc7cfb5457edaf26326bf62be5307cc87ffb6862ef1c2b33b0233cdb5d4f01c4c958cc0d660948b65a287a48
  languageName: node
  linkType: hard

"oxfmt@npm:^0.43.0":
  version: 0.43.0
  resolution: "oxfmt@npm:0.43.0"
  dependencies:
    "@oxfmt/binding-android-arm-eabi": "npm:0.43.0"
    "@oxfmt/binding-android-arm64": "npm:0.43.0"
    "@oxfmt/binding-darwin-arm64": "npm:0.43.0"
    "@oxfmt/binding-darwin-x64": "npm:0.43.0"
    "@oxfmt/binding-freebsd-x64": "npm:0.43.0"
    "@oxfmt/binding-linux-arm-gnueabihf": "npm:0.43.0"
    "@oxfmt/binding-linux-arm-musleabihf": "npm:0.43.0"
    "@oxfmt/binding-linux-arm64-gnu": "npm:0.43.0"
    "@oxfmt/binding-linux-arm64-musl": "npm:0.43.0"
    "@oxfmt/binding-linux-ppc64-gnu": "npm:0.43.0"
    "@oxfmt/binding-linux-riscv64-gnu": "npm:0.43.0"
    "@oxfmt/binding-linux-riscv64-musl": "npm:0.43.0"
    "@oxfmt/binding-linux-s390x-gnu": "npm:0.43.0"
    "@oxfmt/binding-linux-x64-gnu": "npm:0.43.0"
    "@oxfmt/binding-linux-x64-musl": "npm:0.43.0"
    "@oxfmt/binding-openharmony-arm64": "npm:0.43.0"
    "@oxfmt/binding-win32-arm64-msvc": "npm:0.43.0"
    "@oxfmt/binding-win32-ia32-msvc": "npm:0.43.0"
    "@oxfmt/binding-win32-x64-msvc": "npm:0.43.0"
    tinypool: "npm:2.1.0"
  dependenciesMeta:
    "@oxfmt/binding-android-arm-eabi":
      optional: true
    "@oxfmt/binding-android-arm64":
      optional: true
    "@oxfmt/binding-darwin-arm64":
      optional: true
    "@oxfmt/binding-darwin-x64":
      optional: true
    "@oxfmt/binding-freebsd-x64":
      optional: true
    "@oxfmt/binding-linux-arm-gnueabihf":
      optional: true
    "@oxfmt/binding-linux-arm-musleabihf":
      optional: true
    "@oxfmt/binding-linux-arm64-gnu":
      optional: true
    "@oxfmt/binding-linux-arm64-musl":
      optional: true
    "@oxfmt/binding-linux-ppc64-gnu":
      optional: true
    "@oxfmt/binding-linux-riscv64-gnu":
      optional: true
    "@oxfmt/binding-linux-riscv64-musl":
      optional: true
    "@oxfmt/binding-linux-s390x-gnu":
      optional: true
    "@oxfmt/binding-linux-x64-gnu":
      optional: true
    "@oxfmt/binding-linux-x64-musl":
      optional: true
    "@oxfmt/binding-openharmony-arm64":
      optional: true
    "@oxfmt/binding-win32-arm64-msvc":
      optional: true
    "@oxfmt/binding-win32-ia32-msvc":
      optional: true
    "@oxfmt/binding-win32-x64-msvc":
      optional: true
  bin:
    oxfmt: bin/oxfmt
  checksum: 10c0/f78c05c2f834fb6ea1d5a421c964d2211bc519dc260b80ed846b078cd404b7f6ba71d0f34be83064bd4bacfbd2e451a974f11d31713bbead39495d9d8234bae5
  languageName: node
  linkType: hard

"oxlint@npm:^1.58.0":
  version: 1.58.0
  resolution: "oxlint@npm:1.58.0"
  dependencies:
    "@oxlint/binding-android-arm-eabi": "npm:1.58.0"
    "@oxlint/binding-android-arm64": "npm:1.58.0"
    "@oxlint/binding-darwin-arm64": "npm:1.58.0"
    "@oxlint/binding-darwin-x64": "npm:1.58.0"
    "@oxlint/binding-freebsd-x64": "npm:1.58.0"
    "@oxlint/binding-linux-arm-gnueabihf": "npm:1.58.0"
    "@oxlint/binding-linux-arm-musleabihf": "npm:1.58.0"
    "@oxlint/binding-linux-arm64-gnu": "npm:1.58.0"
    "@oxlint/binding-linux-arm64-musl": "npm:1.58.0"
    "@oxlint/binding-linux-ppc64-gnu": "npm:1.58.0"
    "@oxlint/binding-linux-riscv64-gnu": "npm:1.58.0"
    "@oxlint/binding-linux-riscv64-musl": "npm:1.58.0"
    "@oxlint/binding-linux-s390x-gnu": "npm:1.58.0"
    "@oxlint/binding-linux-x64-gnu": "npm:1.58.0"
    "@oxlint/binding-linux-x64-musl": "npm:1.58.0"
    "@oxlint/binding-openharmony-arm64": "npm:1.58.0"
    "@oxlint/binding-win32-arm64-msvc": "npm:1.58.0"
    "@oxlint/binding-win32-ia32-msvc": "npm:1.58.0"
    "@oxlint/binding-win32-x64-msvc": "npm:1.58.0"
  peerDependencies:
    oxlint-tsgolint: ">=0.18.0"
  dependenciesMeta:
    "@oxlint/binding-android-arm-eabi":
      optional: true
    "@oxlint/binding-android-arm64":
      optional: true
    "@oxlint/binding-darwin-arm64":
      optional: true
    "@oxlint/binding-darwin-x64":
      optional: true
    "@oxlint/binding-freebsd-x64":
      optional: true
    "@oxlint/binding-linux-arm-gnueabihf":
      optional: true
    "@oxlint/binding-linux-arm-musleabihf":
      optional: true
    "@oxlint/binding-linux-arm64-gnu":
      optional: true
    "@oxlint/binding-linux-arm64-musl":
      optional: true
    "@oxlint/binding-linux-ppc64-gnu":
      optional: true
    "@oxlint/binding-linux-riscv64-gnu":
      optional: true
    "@oxlint/binding-linux-riscv64-musl":
      optional: true
    "@oxlint/binding-linux-s390x-gnu":
      optional: true
    "@oxlint/binding-linux-x64-gnu":
      optional: true
    "@oxlint/binding-linux-x64-musl":
      optional: true
    "@oxlint/binding-openharmony-arm64":
      optional: true
    "@oxlint/binding-win32-arm64-msvc":
      optional: true
    "@oxlint/binding-win32-ia32-msvc":
      optional: true
    "@oxlint/binding-win32-x64-msvc":
      optional: true
  peerDependenciesMeta:
    oxlint-tsgolint:
      optional: true
  bin:
    oxlint: bin/oxlint
  checksum: 10c0/b766362cf700b842077f7a4873b971c8f31dd05f103c28e0c0a07141a24fca2e03a79b43570006010629c20b96d214fadfb81bb0297307e72250af3504a7e59f
  languageName: node
  linkType: hard

"rstest-sonar-reporter@workspace:.":
  version: 0.0.0-use.local
  resolution: "rstest-sonar-reporter@workspace:."
  dependencies:
    "@rstest/core": "npm:^0.9.5"
    "@rstest/coverage-istanbul": "npm:^0.3.0"
    "@types/node": "npm:^22.0.0"
    oxfmt: "npm:^0.43.0"
    oxlint: "npm:^1.58.0"
    typescript: "npm:^5.8.0"
  peerDependencies:
    "@rstest/core": ">=0.9.0"
  languageName: unknown
  linkType: soft

"semver@npm:^7.5.3":
  version: 7.7.4
  resolution: "semver@npm:7.7.4"
  bin:
    semver: bin/semver.js
  checksum: 10c0/5215ad0234e2845d4ea5bb9d836d42b03499546ddafb12075566899fc617f68794bb6f146076b6881d755de17d6c6cc73372555879ec7dce2c2feee947866ad2
  languageName: node
  linkType: hard

"supports-color@npm:^7.1.0":
  version: 7.2.0
  resolution: "supports-color@npm:7.2.0"
  dependencies:
    has-flag: "npm:^4.0.0"
  checksum: 10c0/afb4c88521b8b136b5f5f95160c98dee7243dc79d5432db7efc27efb219385bbc7d9427398e43dd6cc730a0f87d5085ce1652af7efbe391327bc0a7d0f7fc124
  languageName: node
  linkType: hard

"swc-plugin-coverage-instrument@npm:0.0.32":
  version: 0.0.32
  resolution: "swc-plugin-coverage-instrument@npm:0.0.32"
  checksum: 10c0/c58fc5df25529e7b9aad8e9d7e088e5699bfa321dd8a7b6e624a9fc7e6f594a15a469fc878a0100cf3760e03e2e11ae8baf36db16fbe743a96ca0e29440c61c8
  languageName: node
  linkType: hard

"tinypool@npm:2.1.0, tinypool@npm:^2.1.0":
  version: 2.1.0
  resolution: "tinypool@npm:2.1.0"
  checksum: 10c0/9fb1c760558c6264e0f4cfde96a63b12450b43f1730fbe6274aa24ddbdf488745c08924d0dea7a1303b47d555416a6415f2113898c69b6ecf731e75ac95238a5
  languageName: node
  linkType: hard

"tslib@npm:^2.4.0, tslib@npm:^2.8.0":
  version: 2.8.1
  resolution: "tslib@npm:2.8.1"
  checksum: 10c0/9c4759110a19c53f992d9aae23aac5ced636e99887b51b9e61def52611732872ff7668757d4e4c61f19691e36f4da981cd9485e869b4a7408d689f6bf1f14e62
  languageName: node
  linkType: hard

"typescript@npm:^5.8.0":
  version: 5.9.3
  resolution: "typescript@npm:5.9.3"
  bin:
    tsc: bin/tsc
    tsserver: bin/tsserver
  checksum: 10c0/6bd7552ce39f97e711db5aa048f6f9995b53f1c52f7d8667c1abdc1700c68a76a308f579cd309ce6b53646deb4e9a1be7c813a93baaf0a28ccd536a30270e1c5
  languageName: node
  linkType: hard

"typescript@patch:typescript@npm%3A^5.8.0#optional!builtin<compat/typescript>":
  version: 5.9.3
  resolution: "typescript@patch:typescript@npm%3A5.9.3#optional!builtin<compat/typescript>::version=5.9.3&hash=5786d5"
  bin:
    tsc: bin/tsc
    tsserver: bin/tsserver
  checksum: 10c0/ad09fdf7a756814dce65bc60c1657b40d44451346858eea230e10f2e95a289d9183b6e32e5c11e95acc0ccc214b4f36289dcad4bf1886b0adb84d711d336a430
  languageName: node
  linkType: hard

"undici-types@npm:~6.21.0":
  version: 6.21.0
  resolution: "undici-types@npm:6.21.0"
  checksum: 10c0/c01ed51829b10aa72fc3ce64b747f8e74ae9b60eafa19a7b46ef624403508a54c526ffab06a14a26b3120d055e1104d7abe7c9017e83ced038ea5cf52f8d5e04
  languageName: node
  linkType: hard
